
Microsoft Visual Studio Solution File, Format Version 12.00
# Visual Studio Version 16
VisualStudioVersion = 16.0.29926.136
MinimumVisualStudioVersion = 10.0.40219.1
Project("{FAE04EC0-301F-11D3-BF4B-00C04F79EFBC}") = "Update", "Update\Update.csproj", "{094D8726-AF1C-4E04-BBC6-2CB36AF0431F}"
EndProject
Global
	GlobalSection(SolutionConfigurationPlatforms) = preSolution
		Debug|Any CPU = Debug|Any CPU
		Release|Any CPU = Release|Any CPU
	EndGlobalSection
	GlobalSection(ProjectConfigurationPlatforms) = postSolution
		{094D8726-AF1C-4E04-BBC6-2CB36AF0431F}.Debug|Any CPU.ActiveCfg = Debug|Any CPU
		{094D8726-AF1C-4E04-BBC6-2CB36AF0431F}.Debug|Any CPU.Build.0 = Debug|Any CPU
		{094D8726-AF1C-4E04-BBC6-2CB36AF0431F}.Release|Any CPU.ActiveCfg = Release|Any CPU
		{094D8726-AF1C-4E04-BBC6-2CB36AF0431F}.Release|Any CPU.Build.0 = Release|Any CPU
	EndGlobalSection
	GlobalSection(SolutionProperties) = preSolution
		HideSolutionNode = FALSE
	EndGlobalSection
	GlobalSection(ExtensibilityGlobals) = postSolution
		SolutionGuid = {E776914D-6890-4F07-B785-0450A5BD11B3}
	EndGlobalSection
EndGlobal
